
Microsoft Visual Studio Solution File, Format Version 12.00
# Visual Studio Version 16
VisualStudioVersion = 16.0.31624.102
MinimumVisualStudioVersion = 10.0.40219.1
Project("{9A19103F-16F7-4668-BE54-9A1E7A4F7556}") = "UdemyNLayerProjectMVC.API", "UdemyNLayerProjectMVC.API\UdemyNLayerProjectMVC.API.csproj", "{60919AD4-416F-4702-B035-A8A7D41CD8C5}"
EndProject
Project("{9A19103F-16F7-4668-BE54-9A1E7A4F7556}") = "UdemyNLayerProjectMVC.Core", "UdemyNLayerProjectMVC.Core\UdemyNLayerProjectMVC.Core.csproj", "{B9E873DA-2CDE-4ACD-B8C8-DE91E97BD12C}"
EndProject
Project("{9A19103F-16F7-4668-BE54-9A1E7A4F7556}") = "UdemyNLayerProjectMVC.Data", "UdemyNLayerProjectMVC.Data\UdemyNLayerProjectMVC.Data.csproj", "{163DE0B3-FE22-4610-9484-B4988DD54C82}"
EndProject
Project("{9A19103F-16F7-4668-BE54-9A1E7A4F7556}") = "UdemyNLayerProjectMVC.Service", "UdemyNLayerProjectMVC.Service\UdemyNLayerProjectMVC.Service.csproj", "{D4725C9F-36FC-4F17-B065-43456FF33F39}"
EndProject
Global
	GlobalSection(SolutionConfigurationPlatforms) = preSolution
		Debug|Any CPU = Debug|Any CPU
		Release|Any CPU = Release|Any CPU
	EndGlobalSection
	GlobalSection(ProjectConfigurationPlatforms) = postSolution
		{60919AD4-416F-4702-B035-A8A7D41CD8C5}.Debug|Any CPU.ActiveCfg = Debug|Any CPU
		{60919AD4-416F-4702-B035-A8A7D41CD8C5}.Debug|Any CPU.Build.0 = Debug|Any CPU
		{60919AD4-416F-4702-B035-A8A7D41CD8C5}.Release|Any CPU.ActiveCfg = Release|Any CPU
		{60919AD4-416F-4702-B035-A8A7D41CD8C5}.Release|Any CPU.Build.0 = Release|Any CPU
		{B9E873DA-2CDE-4ACD-B8C8-DE91E97BD12C}.Debug|Any CPU.ActiveCfg = Debug|Any CPU
		{B9E873DA-2CDE-4ACD-B8C8-DE91E97BD12C}.Debug|Any CPU.Build.0 = Debug|Any CPU
		{B9E873DA-2CDE-4ACD-B8C8-DE91E97BD12C}.Release|Any CPU.ActiveCfg = Release|Any CPU
		{B9E873DA-2CDE-4ACD-B8C8-DE91E97BD12C}.Release|Any CPU.Build.0 = Release|Any CPU
		{163DE0B3-FE22-4610-9484-B4988DD54C82}.Debug|Any CPU.ActiveCfg = Debug|Any CPU
		{163DE0B3-FE22-4610-9484-B4988DD54C82}.Debug|Any CPU.Build.0 = Debug|Any CPU
		{163DE0B3-FE22-4610-9484-B4988DD54C82}.Release|Any CPU.ActiveCfg = Release|Any CPU
		{163DE0B3-FE22-4610-9484-B4988DD54C82}.Release|Any CPU.Build.0 = Release|Any CPU
		{D4725C9F-36FC-4F17-B065-43456FF33F39}.Debug|Any CPU.ActiveCfg = Debug|Any CPU
		{D4725C9F-36FC-4F17-B065-43456FF33F39}.Debug|Any CPU.Build.0 = Debug|Any CPU
		{D4725C9F-36FC-4F17-B065-43456FF33F39}.Release|Any CPU.ActiveCfg = Release|Any CPU
		{D4725C9F-36FC-4F17-B065-43456FF33F39}.Release|Any CPU.Build.0 = Release|Any CPU
	EndGlobalSection
	GlobalSection(SolutionProperties) = preSolution
		HideSolutionNode = FALSE
	EndGlobalSection
	GlobalSection(ExtensibilityGlobals) = postSolution
		SolutionGuid = {07ADC503-877C-4D9F-AEAF-34887F024B3F}
	EndGlobalSection
EndGlobal
